
Microsoft Visual Studio Solution File, Format Version 12.00
# Visual Studio Version 17
VisualStudioVersion = 17.7.34221.43
MinimumVisualStudioVersion = 10.0.40219.1
Project("{9A19103F-16F7-4668-BE54-9A1E7A4F7556}") = "RA-FizzBuzz", "RA-FizzBuzz\RA-FizzBuzz.csproj", "{1927DB41-17BE-4E0C-942B-752771ED735A}"
EndProject
Project("{9A19103F-16F7-4668-BE54-9A1E7A4F7556}") = "RA-FizzBuzz.Tests", "RA-FizzBuzz.Tests\RA-FizzBuzz.Tests.csproj", "{596C3F36-5C25-4811-ABB7-E2220C29D8E9}"
EndProject
Global
	GlobalSection(SolutionConfigurationPlatforms) = preSolution
		Debug|Any CPU = Debug|Any CPU
		Release|Any CPU = Release|Any CPU
	EndGlobalSection
	GlobalSection(ProjectConfigurationPlatforms) = postSolution
		{1927DB41-17BE-4E0C-942B-752771ED735A}.Debug|Any CPU.ActiveCfg = Debug|Any CPU
		{1927DB41-17BE-4E0C-942B-752771ED735A}.Debug|Any CPU.Build.0 = Debug|Any CPU
		{1927DB41-17BE-4E0C-942B-752771ED735A}.Release|Any CPU.ActiveCfg = Release|Any CPU
		{1927DB41-17BE-4E0C-942B-752771ED735A}.Release|Any CPU.Build.0 = Release|Any CPU
		{596C3F36-5C25-4811-ABB7-E2220C29D8E9}.Debug|Any CPU.ActiveCfg = Debug|Any CPU
		{596C3F36-5C25-4811-ABB7-E2220C29D8E9}.Debug|Any CPU.Build.0 = Debug|Any CPU
		{596C3F36-5C25-4811-ABB7-E2220C29D8E9}.Release|Any CPU.ActiveCfg = Release|Any CPU
		{596C3F36-5C25-4811-ABB7-E2220C29D8E9}.Release|Any CPU.Build.0 = Release|Any CPU
	EndGlobalSection
	GlobalSection(SolutionProperties) = preSolution
		HideSolutionNode = FALSE
	EndGlobalSection
	GlobalSection(ExtensibilityGlobals) = postSolution
		SolutionGuid = {060402E5-C2E7-476F-B18F-317D94AFDC2E}
	EndGlobalSection
EndGlobal
