
Microsoft Visual Studio Solution File, Format Version 12.00
# Visual Studio Version 17
VisualStudioVersion = 17.7.34221.43
MinimumVisualStudioVersion = 10.0.40219.1
Project("{FAE04EC0-301F-11D3-BF4B-00C04F79EFBC}") = "RA-FizzBuzz", "RA-FizzBuzz\RA-FizzBuzz.csproj", "{1927DB41-17BE-4E0C-942B-752771ED735A}"
EndProject
Project("{FAE04EC0-301F-11D3-BF4B-00C04F79EFBC}") = "RA-FizzBuzz.Tests", "RA-FizzBuzz.Tests\RA-FizzBuzz.Tests.csproj", "{92CD9582-2905-4E67-9C2E-26C2A6DF0E4C}"
EndProject
Global
	GlobalSection(SolutionConfigurationPlatforms) = preSolution
		Debug|Any CPU = Debug|Any CPU
		Release|Any CPU = Release|Any CPU
	EndGlobalSection
	GlobalSection(ProjectConfigurationPlatforms) = postSolution
		{1927DB41-17BE-4E0C-942B-752771ED735A}.Debug|Any CPU.ActiveCfg = Debug|Any CPU
		{1927DB41-17BE-4E0C-942B-752771ED735A}.Debug|Any CPU.Build.0 = Debug|Any CPU
		{1927DB41-17BE-4E0C-942B-752771ED735A}.Release|Any CPU.ActiveCfg = Release|Any CPU
		{1927DB41-17BE-4E0C-942B-752771ED735A}.Release|Any CPU.Build.0 = Release|Any CPU
		{92CD9582-2905-4E67-9C2E-26C2A6DF0E4C}.Debug|Any CPU.ActiveCfg = Debug|Any CPU
		{92CD9582-2905-4E67-9C2E-26C2A6DF0E4C}.Debug|Any CPU.Build.0 = Debug|Any CPU
		{92CD9582-2905-4E67-9C2E-26C2A6DF0E4C}.Release|Any CPU.ActiveCfg = Release|Any CPU
		{92CD9582-2905-4E67-9C2E-26C2A6DF0E4C}.Release|Any CPU.Build.0 = Release|Any CPU
	EndGlobalSection
	GlobalSection(SolutionProperties) = preSolution
		HideSolutionNode = FALSE
	EndGlobalSection
	GlobalSection(ExtensibilityGlobals) = postSolution
		SolutionGuid = {060402E5-C2E7-476F-B18F-317D94AFDC2E}
	EndGlobalSection
EndGlobal
